Microsoft Visual Studio Solution File, Format Version 12.00
# Visual Studio Version 17
VisualStudioVersion = 17.5.2.0
MinimumVisualStudioVersion = 10.0.40219.1
Project("{FAE04EC0-301F-11D3-BF4B-00C04F79EFBC}") = "phoenix_project", "phoenix_project.csproj", "{2680523F-DA8B-51DB-848C-8C557EBB32CF}"
EndProject
Global
	GlobalSection(SolutionConfigurationPlatforms) = preSolution
		Debug|Any CPU = Debug|Any CPU
		Release|Any CPU = Release|Any CPU
	EndGlobalSection
	GlobalSection(ProjectConfigurationPlatforms) = postSolution
		{2680523F-DA8B-51DB-848C-8C557EBB32CF}.Debug|Any CPU.ActiveCfg = Debug|Any CPU
		{2680523F-DA8B-51DB-848C-8C557EBB32CF}.Debug|Any CPU.Build.0 = Debug|Any CPU
		{2680523F-DA8B-51DB-848C-8C557EBB32CF}.Release|Any CPU.ActiveCfg = Release|Any CPU
		{2680523F-DA8B-51DB-848C-8C557EBB32CF}.Release|Any CPU.Build.0 = Release|Any CPU
	EndGlobalSection
	GlobalSection(SolutionProperties) = preSolution
		HideSolutionNode = FALSE
	EndGlobalSection
	GlobalSection(ExtensibilityGlobals) = postSolution
		SolutionGuid = {D06AE66E-AB20-4B50-82C0-083C3732F1CD}
	EndGlobalSection
EndGlobal
